lockfileVersion: '9.0'

settings:
  autoInstallPeers: true
  excludeLinksFromLockfile: false

importers:

  .:
    dependencies:
      git:
        specifier: ^0.1.5
        version: 0.1.5
      init:
        specifier: ^0.1.2
        version: 0.1.2

packages:

  daemon@1.1.0:
    resolution: {integrity: sha512-1vX9YVcP21gt12nSD3SQRC/uPU7fyA6M8qyClTBIFuiRWoylFn57PwXhjBAqRl085bZAje7sILhZU48qcS9SWw==}
    engines: {node: '>= 0.8.0'}

  git@0.1.5:
    resolution: {integrity: sha512-N+bfOrXyKMU/fQtCj6D/U9MQOEN0DAA8TLHSLdUQRSWBOkeRvsjJHdrdkvcq05xO7GSDKWc3nDEGoTZ4DfCCSg==}
    engines: {node: '>=0.4.0'}

  init@0.1.2:
    resolution: {integrity: sha512-IvHUjULS2q+BXJdiu4FHkByh3+qSFmkOXQ2ItSfYTtkdUksQc0yNX6f1uDyokzRV71tjpFsFc3ckeYLJXunTGw==}
    engines: {node: '>=0.4.7'}

  mime@1.2.9:
    resolution: {integrity: sha512-WiLgbHTIq5AYUvU/Luli4mZ1bUcHpGNHyCsbl+KPMg4zt+XUDpQehWjuBjdLaEvDTinvKj/FgfQt3fPoT7j08g==}

snapshots:

  daemon@1.1.0: {}

  git@0.1.5:
    dependencies:
      mime: 1.2.9

  init@0.1.2:
    dependencies:
      daemon: 1.1.0

  mime@1.2.9: {}
